{
  "requires": true,
  "lockfileVersion": 1,
  "dependencies": {
    "assemblyscript": {
      "version": "0.18.12",
      "resolved": "https://registry.npmjs.org/assemblyscript/-/assemblyscript-0.18.12.tgz",
      "integrity": "sha512-a0zJlb4xgEtxdadrrIP9MuLmQuRE6ZVzXPi2RZoVG6zgz+nLYLt1mkiP/TbJRY+4wvf1peTCZok+vyRAxFjppQ==",
      "dev": true,
      "requires": {
        "binaryen": "98.0.0-nightly.20210106",
        "long": "^4.0.0"
      }
    },
    "binaryen": {
      "version": "98.0.0-nightly.20210106",
      "resolved": "https://registry.npmjs.org/binaryen/-/binaryen-98.0.0-nightly.20210106.tgz",
      "integrity": "sha512-iunAgesqT9PXVYCc72FA4h0sCCKLifruT6NuUH63xqlFJGpChhZLgOtyIb/fIgTibN5Pd692cxfBViyCWFsJ9Q==",
      "dev": true
    },
    "long": {
      "version": "4.0.0",
      "resolved": "https://registry.npmjs.org/long/-/long-4.0.0.tgz",
      "integrity": "sha512-XsP+KhQif4bjX1kbuSiySJFNAehNxgLb6hPRGJ9QsUr8ajHkuXGdrHmFUTUUXhDwVX2R5bY4JNZEwbUiMhV+MA==",
      "dev": true
    }
  }
}
