# THIS IS AN AUTOGENERATED FILE. DO NOT EDIT THIS FILE DIRECTLY.
# yarn lockfile v1


assemblyscript@^0.9.0:
  version "0.9.0"
  resolved "https://registry.yarnpkg.com/assemblyscript/-/assemblyscript-0.9.0.tgz#2c85f0ff3bad7385484007d10ac65d29416f46c2"
  integrity sha512-HDDoaDfdnp0Ki/k272ib12sKz3ytVlXsIDise5meamInLC1qZAcmwwO+aqNyiVksmPYyLhQlaVZRPKWibHqo3g==
  dependencies:
    binaryen "90.0.0-nightly.20200111"
    long "^4.0.0"

binaryen@90.0.0-nightly.20200111:
  version "90.0.0-nightly.20200111"
  resolved "https://registry.yarnpkg.com/binaryen/-/binaryen-90.0.0-nightly.20200111.tgz#dc5cfa53a7c2cb97a785a64ca041effd6ae66c4a"
  integrity sha512-2uihf1tqfkG2OJB54LjIDu5/fqbGgbj9VSwnj8hYtsRfML61y0uHeMkPfWctyl99m7hsgyDu7xUbJ7iyqBz6BA==

long@^4.0.0:
  version "4.0.0"
  resolved "https://registry.yarnpkg.com/long/-/long-4.0.0.tgz#9a7b71cfb7d361a194ea555241c92f7468d5bf28"
  integrity sha512-XsP+KhQif4bjX1kbuSiySJFNAehNxgLb6hPRGJ9QsUr8ajHkuXGdrHmFUTUUXhDwVX2R5bY4JNZEwbUiMhV+MA==
