{
  "requires": true,
  "lockfileVersion": 1,
  "dependencies": {
    "assemblyscript": {
      "version": "0.9.0",
      "resolved": "https://registry.npmjs.org/assemblyscript/-/assemblyscript-0.9.0.tgz",
      "integrity": "sha512-HDDoaDfdnp0Ki/k272ib12sKz3ytVlXsIDise5meamInLC1qZAcmwwO+aqNyiVksmPYyLhQlaVZRPKWibHqo3g==",
      "dev": true,
      "requires": {
        "binaryen": "90.0.0-nightly.20200111",
        "long": "^4.0.0"
      }
    },
    "binaryen": {
      "version": "90.0.0-nightly.20200111",
      "resolved": "https://registry.npmjs.org/binaryen/-/binaryen-90.0.0-nightly.20200111.tgz",
      "integrity": "sha512-2uihf1tqfkG2OJB54LjIDu5/fqbGgbj9VSwnj8hYtsRfML61y0uHeMkPfWctyl99m7hsgyDu7xUbJ7iyqBz6BA==",
      "dev": true
    },
    "long": {
      "version": "4.0.0",
      "resolved": "https://registry.npmjs.org/long/-/long-4.0.0.tgz",
      "integrity": "sha512-XsP+KhQif4bjX1kbuSiySJFNAehNxgLb6hPRGJ9QsUr8ajHkuXGdrHmFUTUUXhDwVX2R5bY4JNZEwbUiMhV+MA==",
      "dev": true
    }
  }
}
