{
  "requires": true,
  "lockfileVersion": 1,
  "dependencies": {
    "assemblyscript": {
      "version": "0.8.1-nightly.20200120",
      "resolved": "https://registry.npmjs.org/assemblyscript/-/assemblyscript-0.8.1-nightly.20200120.tgz",
      "integrity": "sha512-OMGQU2ZfpER7Mmr9Grr4jO5XeNbwPQT4lupnKzrr7DwtwaaYMw6Qf60nLRffdvlkxkzlB9W/PlP7ku3/jFvP4Q==",
      "dev": true,
      "requires": {
        "binaryen": "90.0.0-nightly.20200101",
        "long": "^4.0.0"
      }
    },
    "binaryen": {
      "version": "90.0.0-nightly.20200101",
      "resolved": "https://registry.npmjs.org/binaryen/-/binaryen-90.0.0-nightly.20200101.tgz",
      "integrity": "sha512-64lgruunUnkJD4YVD0DLCSRskqfo3xhoErM1H22GfkkWNT16/7tPTLG+MYqKLMALTiIyLL6L9UqmDaxOxDv0rw==",
      "dev": true
    },
    "long": {
      "version": "4.0.0",
      "resolved": "https://registry.npmjs.org/long/-/long-4.0.0.tgz",
      "integrity": "sha512-XsP+KhQif4bjX1kbuSiySJFNAehNxgLb6hPRGJ9QsUr8ajHkuXGdrHmFUTUUXhDwVX2R5bY4JNZEwbUiMhV+MA==",
      "dev": true
    }
  }
}
